
Microsoft Visual Studio Solution File, Format Version 12.00
# Visual Studio Version 17
VisualStudioVersion = 17.5.33627.172
MinimumVisualStudioVersion = 10.0.40219.1
Project("{FAE04EC0-301F-11D3-BF4B-00C04F79EFBC}") = "01.CreateString", "01.CreateString\01.CreateString.csproj", "{94B82114-9D82-4BE8-A6B9-0A613AA93644}"
EndProject
Project("{FAE04EC0-301F-11D3-BF4B-00C04F79EFBC}") = "02.String", "02.String\02.String.csproj", "{020E8528-3197-4F5D-8DA7-783C191C7CB1}"
EndProject
Global
	GlobalSection(SolutionConfigurationPlatforms) = preSolution
		Debug|Any CPU = Debug|Any CPU
		Release|Any CPU = Release|Any CPU
	EndGlobalSection
	GlobalSection(ProjectConfigurationPlatforms) = postSolution
		{94B82114-9D82-4BE8-A6B9-0A613AA93644}.Debug|Any CPU.ActiveCfg = Debug|Any CPU
		{94B82114-9D82-4BE8-A6B9-0A613AA93644}.Debug|Any CPU.Build.0 = Debug|Any CPU
		{94B82114-9D82-4BE8-A6B9-0A613AA93644}.Release|Any CPU.ActiveCfg = Release|Any CPU
		{94B82114-9D82-4BE8-A6B9-0A613AA93644}.Release|Any CPU.Build.0 = Release|Any CPU
		{020E8528-3197-4F5D-8DA7-783C191C7CB1}.Debug|Any CPU.ActiveCfg = Debug|Any CPU
		{020E8528-3197-4F5D-8DA7-783C191C7CB1}.Debug|Any CPU.Build.0 = Debug|Any CPU
		{020E8528-3197-4F5D-8DA7-783C191C7CB1}.Release|Any CPU.ActiveCfg = Release|Any CPU
		{020E8528-3197-4F5D-8DA7-783C191C7CB1}.Release|Any CPU.Build.0 = Release|Any CPU
	EndGlobalSection
	GlobalSection(SolutionProperties) = preSolution
		HideSolutionNode = FALSE
	EndGlobalSection
	GlobalSection(ExtensibilityGlobals) = postSolution
		SolutionGuid = {B29E25EA-B37A-41D4-855C-94818AEA1008}
	EndGlobalSection
EndGlobal
